// !$*UTF8*$!
{
	archiveVersion = 1;
	classes = {
	};
	objectVersion = 46;
	objects = {

/* Begin PBXBuildFile section */
		181ACD9C18D6087B00ADB329 /* VDImageDirectory.m in Sources */ = {isa = PBXBuildFile; fileRef = 181ACD9B18D6087B00ADB329 /* VDImageDirectory.m */; };
		181ACDA018D6108B00ADB329 /* VDAlbumDirectory.m in Sources */ = {isa = PBXBuildFile; fileRef = 181ACD9F18D6108B00ADB329 /* VDAlbumDirectory.m */; };
		1891DD6218D479B600452DE9 /* Cocoa.framework in Frameworks */ = {isa = PBXBuildFile; fileRef = 1891DD6118D479B600452DE9 /* Cocoa.framework */; };
		1891DDA618D47B1000452DE9 /* main.m in Sources */ = {isa = PBXBuildFile; fileRef = 1891DD9618D47B1000452DE9 /* main.m */; };
		1891DDA818D47B1000452DE9 /* NSError+POSIX.m in Sources */ = {isa = PBXBuildFile; fileRef = 1891DD9A18D47B1000452DE9 /* NSError+POSIX.m */; };
		1891DDA918D47B1000452DE9 /* NSString+ShellEscape.m in Sources */ = {isa = PBXBuildFile; fileRef = 1891DD9C18D47B1000452DE9 /* NSString+ShellEscape.m */; };
		1891DDAA18D47B1000452DE9 /* NSXMLElement+FastAccess.m in Sources */ = {isa = PBXBuildFile; fileRef = 1891DD9E18D47B1000452DE9 /* NSXMLElement+FastAccess.m */; };
		1891DDAB18D47B1000452DE9 /* VDAppDelegate.m in Sources */ = {isa = PBXBuildFile; fileRef = 1891DDA018D47B1000452DE9 /* VDAppDelegate.m */; };
		1891DDAD18D47B1000452DE9 /* VDFilesystemDelegate.m in Sources */ = {isa = PBXBuildFile; fileRef = 1891DDA418D47B1000452DE9 /* VDFilesystemDelegate.m */; };
		1891DDB718D47B1C00452DE9 /* Credits.rtf in Resources */ = {isa = PBXBuildFile; fileRef = 1891DDAF18D47B1C00452DE9 /* Credits.rtf */; };
		1891DDB818D47B1C00452DE9 /* InfoPlist.strings in Resources */ = {isa = PBXBuildFile; fileRef = 1891DDB118D47B1C00452DE9 /* InfoPlist.strings */; };
		1891DDB918D47B1C00452DE9 /* MainMenu.xib in Resources */ = {isa = PBXBuildFile; fileRef = 1891DDB318D47B1C00452DE9 /* MainMenu.xib */; };
		1891DDBA18D47B1C00452DE9 /* vDisk.icns in Resources */ = {isa = PBXBuildFile; fileRef = 1891DDB518D47B1C00452DE9 /* vDisk.icns */; };
		1891DDBD18D47FFD00452DE9 /* OSXFUSE.framework in Frameworks */ = {isa = PBXBuildFile; fileRef = 1891DDBC18D47FFD00452DE9 /* OSXFUSE.framework */; };
		1891DDC718D4818400452DE9 /* OAuth2Client.framework in Frameworks */ = {isa = PBXBuildFile; fileRef = 1891DDC418D480CE00452DE9 /* OAuth2Client.framework */; };
		1891DDCB18D4871F00452DE9 /* WebKit.framework in Frameworks */ = {isa = PBXBuildFile; fileRef = 1891DDCA18D4871F00452DE9 /* WebKit.framework */; };
		1891DDD118D4F2AD00452DE9 /* VDAPI.m in Sources */ = {isa = PBXBuildFile; fileRef = 1891DDD018D4F2AD00452DE9 /* VDAPI.m */; };
		1891DDD518D5179F00452DE9 /* VDNode.m in Sources */ = {isa = PBXBuildFile; fileRef = 1891DDD418D5179F00452DE9 /* VDNode.m */; };
		1891DDD818D5180800452DE9 /* VDFile.m in Sources */ = {isa = PBXBuildFile; fileRef = 1891DDD718D5180800452DE9 /* VDFile.m */; };
		1891DDDB18D518BC00452DE9 /* NSObject+Abstract.m in Sources */ = {isa = PBXBuildFile; fileRef = 1891DDDA18D518BC00452DE9 /* NSObject+Abstract.m */; };
		1891DDDE18D51B4100452DE9 /* VDDirectory.m in Sources */ = {isa = PBXBuildFile; fileRef = 1891DDDD18D51B4100452DE9 /* VDDirectory.m */; };
		1891DDE118D51C2E00452DE9 /* VDRemoteFile.m in Sources */ = {isa = PBXBuildFile; fileRef = 1891DDE018D51C2E00452DE9 /* VDRemoteFile.m */; };
		1891DDE418D51E0B00452DE9 /* VDMusicDirectory.m in Sources */ = {isa = PBXBuildFile; fileRef = 1891DDE318D51E0B00452DE9 /* VDMusicDirectory.m */; };
		1891DDE718D51F1300452DE9 /* VDRootDirectory.m in Sources */ = {isa = PBXBuildFile; fileRef = 1891DDE618D51F1300452DE9 /* VDRootDirectory.m */; };
/* End PBXBuildFile section */

/* Begin PBXContainerItemProxy section */
		1891DDC318D480CE00452DE9 /* PBXContainerItemProxy */ = {
			isa = PBXContainerItemProxy;
			containerPortal = 1891DDBE18D480CD00452DE9 /* OAuth2Client.xcodeproj */;
			proxyType = 2;
			remoteGlobalIDString = 942FFCD612315E0A00E6C65E;
			remoteInfo = OAuth2Client.framework;
		};
		1891DDC518D480CE00452DE9 /* PBXContainerItemProxy */ = {
			isa = PBXContainerItemProxy;
			containerPortal = 1891DDBE18D480CD00452DE9 /* OAuth2Client.xcodeproj */;
			proxyType = 2;
			remoteGlobalIDString = D2AAC07E0554694100DB518D;
			remoteInfo = OAuth2Client;
		};
		1891DDC818D4818A00452DE9 /* PBXContainerItemProxy */ = {
			isa = PBXContainerItemProxy;
			containerPortal = 1891DDBE18D480CD00452DE9 /* OAuth2Client.xcodeproj */;
			proxyType = 1;
			remoteGlobalIDString = 942FFCD512315E0A00E6C65E;
			remoteInfo = OAuth2Client.framework;
		};
/* End PBXContainerItemProxy section */

/* Begin PBXFileReference section */
		181ACD9A18D6087B00ADB329 /* VDImageDirectory.h */ = {isa = PBXFileReference; fileEncoding = 4; lastKnownFileType = sourcecode.c.h; name = VDImageDirectory.h; path = Sources/Nodes/VDImageDirectory.h; sourceTree = "<group>"; };
		181ACD9B18D6087B00ADB329 /* VDImageDirectory.m */ = {isa = PBXFileReference; fileEncoding = 4; lastKnownFileType = sourcecode.c.objc; name = VDImageDirectory.m; path = Sources/Nodes/VDImageDirectory.m; sourceTree = "<group>"; };
		181ACD9E18D6108B00ADB329 /* VDAlbumDirectory.h */ = {isa = PBXFileReference; fileEncoding = 4; lastKnownFileType = sourcecode.c.h; name = VDAlbumDirectory.h; path = Sources/Nodes/VDAlbumDirectory.h; sourceTree = "<group>"; };
		181ACD9F18D6108B00ADB329 /* VDAlbumDirectory.m */ = {isa = PBXFileReference; fileEncoding = 4; lastKnownFileType = sourcecode.c.objc; name = VDAlbumDirectory.m; path = Sources/Nodes/VDAlbumDirectory.m; sourceTree = "<group>"; };
		1891DD5E18D479B600452DE9 /* vDisk.app */ = {isa = PBXFileReference; explicitFileType = wrapper.application; includeInIndex = 0; path = vDisk.app; sourceTree = BUILT_PRODUCTS_DIR; };
		1891DD6118D479B600452DE9 /* Cocoa.framework */ = {isa = PBXFileReference; lastKnownFileType = wrapper.framework; name = Cocoa.framework; path = System/Library/Frameworks/Cocoa.framework; sourceTree = SDKROOT; };
		1891DD6418D479B600452DE9 /* AppKit.framework */ = {isa = PBXFileReference; lastKnownFileType = wrapper.framework; name = AppKit.framework; path = System/Library/Frameworks/AppKit.framework; sourceTree = SDKROOT; };
		1891DD6518D479B600452DE9 /* CoreData.framework */ = {isa = PBXFileReference; lastKnownFileType = wrapper.framework; name = CoreData.framework; path = System/Library/Frameworks/CoreData.framework; sourceTree = SDKROOT; };
		1891DD6618D479B600452DE9 /* Foundation.framework */ = {isa = PBXFileReference; lastKnownFileType = wrapper.framework; name = Foundation.framework; path = System/Library/Frameworks/Foundation.framework; sourceTree = SDKROOT; };
		1891DD9618D47B1000452DE9 /* main.m */ = {isa = PBXFileReference; fileEncoding = 4; lastKnownFileType = sourcecode.c.objc; name = main.m; path = Sources/main.m; sourceTree = "<group>"; };
		1891DD9918D47B1000452DE9 /* NSError+POSIX.h */ = {isa = PBXFileReference; fileEncoding = 4; lastKnownFileType = sourcecode.c.h; name = "NSError+POSIX.h"; path = "Sources/NSError+POSIX.h"; sourceTree = "<group>"; };
		1891DD9A18D47B1000452DE9 /* NSError+POSIX.m */ = {isa = PBXFileReference; fileEncoding = 4; lastKnownFileType = sourcecode.c.objc; name = "NSError+POSIX.m"; path = "Sources/NSError+POSIX.m"; sourceTree = "<group>"; };
		1891DD9B18D47B1000452DE9 /* NSString+ShellEscape.h */ = {isa = PBXFileReference; fileEncoding = 4; lastKnownFileType = sourcecode.c.h; name = "NSString+ShellEscape.h"; path = "Sources/NSString+ShellEscape.h"; sourceTree = "<group>"; };
		1891DD9C18D47B1000452DE9 /* NSString+ShellEscape.m */ = {isa = PBXFileReference; fileEncoding = 4; lastKnownFileType = sourcecode.c.objc; name = "NSString+ShellEscape.m"; path = "Sources/NSString+ShellEscape.m"; sourceTree = "<group>"; };
		1891DD9D18D47B1000452DE9 /* NSXMLElement+FastAccess.h */ = {isa = PBXFileReference; fileEncoding = 4; lastKnownFileType = sourcecode.c.h; name = "NSXMLElement+FastAccess.h"; path = "Sources/NSXMLElement+FastAccess.h"; sourceTree = "<group>"; };
		1891DD9E18D47B1000452DE9 /* NSXMLElement+FastAccess.m */ = {isa = PBXFileReference; fileEncoding = 4; lastKnownFileType = sourcecode.c.objc; name = "NSXMLElement+FastAccess.m"; path = "Sources/NSXMLElement+FastAccess.m"; sourceTree = "<group>"; };
		1891DD9F18D47B1000452DE9 /* VDAppDelegate.h */ = {isa = PBXFileReference; fileEncoding = 4; lastKnownFileType = sourcecode.c.h; name = VDAppDelegate.h; path = Sources/VDAppDelegate.h; sourceTree = "<group>"; };
		1891DDA018D47B1000452DE9 /* VDAppDelegate.m */ = {isa = PBXFileReference; fileEncoding = 4; lastKnownFileType = sourcecode.c.objc; name = VDAppDelegate.m; path = Sources/VDAppDelegate.m; sourceTree = "<group>"; };
		1891DDA318D47B1000452DE9 /* VDFilesystemDelegate.h */ = {isa = PBXFileReference; fileEncoding = 4; lastKnownFileType = sourcecode.c.h; name = VDFilesystemDelegate.h; path = Sources/VDFilesystemDelegate.h; sourceTree = "<group>"; };
		1891DDA418D47B1000452DE9 /* VDFilesystemDelegate.m */ = {isa = PBXFileReference; fileEncoding = 4; lastKnownFileType = sourcecode.c.objc; name = VDFilesystemDelegate.m; path = Sources/VDFilesystemDelegate.m; sourceTree = "<group>"; };
		1891DDA518D47B1000452DE9 /* vDisk.pch */ = {isa = PBXFileReference; fileEncoding = 4; lastKnownFileType = sourcecode.c.h; name = vDisk.pch; path = Sources/vDisk.pch; sourceTree = "<group>"; };
		1891DDB018D47B1C00452DE9 /* en */ = {isa = PBXFileReference; lastKnownFileType = text.rtf; name = en; path = en.lproj/Credits.rtf; sourceTree = "<group>"; };
		1891DDB218D47B1C00452DE9 /* en */ = {isa = PBXFileReference; lastKnownFileType = text.plist.strings; name = en; path = en.lproj/InfoPlist.strings; sourceTree = "<group>"; };
		1891DDB418D47B1C00452DE9 /* en */ = {isa = PBXFileReference; lastKnownFileType = file.xib; name = en; path = en.lproj/MainMenu.xib; sourceTree = "<group>"; };
		1891DDB518D47B1C00452DE9 /* vDisk.icns */ = {isa = PBXFileReference; lastKnownFileType = image.icns; path = vDisk.icns; sourceTree = "<group>"; };
		1891DDB618D47B1C00452DE9 /* vDisk.plist */ = {isa = PBXFileReference; fileEncoding = 4; lastKnownFileType = text.plist.xml; path = vDisk.plist; sourceTree = "<group>"; };
		1891DDBC18D47FFD00452DE9 /* OSXFUSE.framework */ = {isa = PBXFileReference; lastKnownFileType = wrapper.framework; name = OSXFUSE.framework; path = ../../../../../../Library/Frameworks/OSXFUSE.framework; sourceTree = "<group>"; };
		1891DDBE18D480CD00452DE9 /* OAuth2Client.xcodeproj */ = {isa = PBXFileReference; lastKnownFileType = "wrapper.pb-project"; name = OAuth2Client.xcodeproj; path = OAuth2Client/OAuth2Client.xcodeproj; sourceTree = "<group>"; };
		1891DDCA18D4871F00452DE9 /* WebKit.framework */ = {isa = PBXFileReference; lastKnownFileType = wrapper.framework; name = WebKit.framework; path = System/Library/Frameworks/WebKit.framework; sourceTree = SDKROOT; };
		1891DDCF18D4F2AD00452DE9 /* VDAPI.h */ = {isa = PBXFileReference; fileEncoding = 4; lastKnownFileType = sourcecode.c.h; path = VDAPI.h; sourceTree = "<group>"; };
		1891DDD018D4F2AD00452DE9 /* VDAPI.m */ = {isa = PBXFileReference; fileEncoding = 4; lastKnownFileType = sourcecode.c.objc; path = VDAPI.m; sourceTree = "<group>"; };
		1891DDD318D5179F00452DE9 /* VDNode.h */ = {isa = PBXFileReference; fileEncoding = 4; lastKnownFileType = sourcecode.c.h; name = VDNode.h; path = Sources/Nodes/VDNode.h; sourceTree = "<group>"; };
		1891DDD418D5179F00452DE9 /* VDNode.m */ = {isa = PBXFileReference; fileEncoding = 4; lastKnownFileType = sourcecode.c.objc; name = VDNode.m; path = Sources/Nodes/VDNode.m; sourceTree = "<group>"; };
		1891DDD618D5180800452DE9 /* VDFile.h */ = {isa = PBXFileReference; fileEncoding = 4; lastKnownFileType = sourcecode.c.h; name = VDFile.h; path = Sources/Nodes/VDFile.h; sourceTree = "<group>"; };
		1891DDD718D5180800452DE9 /* VDFile.m */ = {isa = PBXFileReference; fileEncoding = 4; lastKnownFileType = sourcecode.c.objc; name = VDFile.m; path = Sources/Nodes/VDFile.m; sourceTree = "<group>"; };
		1891DDD918D518BC00452DE9 /* NSObject+Abstract.h */ = {isa = PBXFileReference; fileEncoding = 4; lastKnownFileType = sourcecode.c.h; name = "NSObject+Abstract.h"; path = "Sources/NSObject+Abstract.h"; sourceTree = "<group>"; };
		1891DDDA18D518BC00452DE9 /* NSObject+Abstract.m */ = {isa = PBXFileReference; fileEncoding = 4; lastKnownFileType = sourcecode.c.objc; name = "NSObject+Abstract.m"; path = "Sources/NSObject+Abstract.m"; sourceTree = "<group>"; };
		1891DDDC18D51B4100452DE9 /* VDDirectory.h */ = {isa = PBXFileReference; fileEncoding = 4; lastKnownFileType = sourcecode.c.h; name = VDDirectory.h; path = Sources/Nodes/VDDirectory.h; sourceTree = "<group>"; };
		1891DDDD18D51B4100452DE9 /* VDDirectory.m */ = {isa = PBXFileReference; fileEncoding = 4; lastKnownFileType = sourcecode.c.objc; name = VDDirectory.m; path = Sources/Nodes/VDDirectory.m; sourceTree = "<group>"; };
		1891DDDF18D51C2E00452DE9 /* VDRemoteFile.h */ = {isa = PBXFileReference; fileEncoding = 4; lastKnownFileType = sourcecode.c.h; name = VDRemoteFile.h; path = Sources/Nodes/VDRemoteFile.h; sourceTree = "<group>"; };
		1891DDE018D51C2E00452DE9 /* VDRemoteFile.m */ = {isa = PBXFileReference; fileEncoding = 4; lastKnownFileType = sourcecode.c.objc; name = VDRemoteFile.m; path = Sources/Nodes/VDRemoteFile.m; sourceTree = "<group>"; };
		1891DDE218D51E0B00452DE9 /* VDMusicDirectory.h */ = {isa = PBXFileReference; fileEncoding = 4; lastKnownFileType = sourcecode.c.h; name = VDMusicDirectory.h; path = Sources/Nodes/VDMusicDirectory.h; sourceTree = "<group>"; };
		1891DDE318D51E0B00452DE9 /* VDMusicDirectory.m */ = {isa = PBXFileReference; fileEncoding = 4; lastKnownFileType = sourcecode.c.objc; name = VDMusicDirectory.m; path = Sources/Nodes/VDMusicDirectory.m; sourceTree = "<group>"; };
		1891DDE518D51F1300452DE9 /* VDRootDirectory.h */ = {isa = PBXFileReference; fileEncoding = 4; lastKnownFileType = sourcecode.c.h; name = VDRootDirectory.h; path = Sources/Nodes/VDRootDirectory.h; sourceTree = "<group>"; };
		1891DDE618D51F1300452DE9 /* VDRootDirectory.m */ = {isa = PBXFileReference; fileEncoding = 4; lastKnownFileType = sourcecode.c.objc; name = VDRootDirectory.m; path = Sources/Nodes/VDRootDirectory.m; sourceTree = "<group>"; };
/* End PBXFileReference section */

/* Begin PBXFrameworksBuildPhase section */
		1891DD5B18D479B600452DE9 /* Frameworks */ = {
			isa = PBXFrameworksBuildPhase;
			buildActionMask = 2147483647;
			files = (
				1891DDCB18D4871F00452DE9 /* WebKit.framework in Frameworks */,
				1891DDC718D4818400452DE9 /* OAuth2Client.framework in Frameworks */,
				1891DDBD18D47FFD00452DE9 /* OSXFUSE.framework in Frameworks */,
				1891DD6218D479B600452DE9 /* Cocoa.framework in Frameworks */,
			);
			runOnlyForDeploymentPostprocessing = 0;
		};
/* End PBXFrameworksBuildPhase section */

/* Begin PBXGroup section */
		1891DD5518D479B600452DE9 = {
			isa = PBXGroup;
			children = (
				1891DD6718D479B600452DE9 /* vDisk */,
				1891DD6018D479B600452DE9 /* Frameworks */,
				1891DD5F18D479B600452DE9 /* Products */,
				1891DDBE18D480CD00452DE9 /* OAuth2Client.xcodeproj */,
			);
			sourceTree = "<group>";
		};
		1891DD5F18D479B600452DE9 /* Products */ = {
			isa = PBXGroup;
			children = (
				1891DD5E18D479B600452DE9 /* vDisk.app */,
			);
			name = Products;
			sourceTree = "<group>";
		};
		1891DD6018D479B600452DE9 /* Frameworks */ = {
			isa = PBXGroup;
			children = (
				1891DDCA18D4871F00452DE9 /* WebKit.framework */,
				1891DDBC18D47FFD00452DE9 /* OSXFUSE.framework */,
				1891DD6118D479B600452DE9 /* Cocoa.framework */,
				1891DD6318D479B600452DE9 /* Other Frameworks */,
			);
			name = Frameworks;
			sourceTree = "<group>";
		};
		1891DD6318D479B600452DE9 /* Other Frameworks */ = {
			isa = PBXGroup;
			children = (
				1891DD6418D479B600452DE9 /* AppKit.framework */,
				1891DD6518D479B600452DE9 /* CoreData.framework */,
				1891DD6618D479B600452DE9 /* Foundation.framework */,
			);
			name = "Other Frameworks";
			sourceTree = "<group>";
		};
		1891DD6718D479B600452DE9 /* vDisk */ = {
			isa = PBXGroup;
			children = (
				1891DDAE18D47B1C00452DE9 /* Resources */,
				1891DD9518D47AF900452DE9 /* Sources */,
			);
			path = vDisk;
			sourceTree = "<group>";
		};
		1891DD9518D47AF900452DE9 /* Sources */ = {
			isa = PBXGroup;
			children = (
				1891DDD218D5177800452DE9 /* Nodes */,
				1891DD9618D47B1000452DE9 /* main.m */,
				1891DD9918D47B1000452DE9 /* NSError+POSIX.h */,
				1891DD9A18D47B1000452DE9 /* NSError+POSIX.m */,
				1891DDD918D518BC00452DE9 /* NSObject+Abstract.h */,
				1891DDDA18D518BC00452DE9 /* NSObject+Abstract.m */,
				1891DD9B18D47B1000452DE9 /* NSString+ShellEscape.h */,
				1891DD9C18D47B1000452DE9 /* NSString+ShellEscape.m */,
				1891DD9D18D47B1000452DE9 /* NSXMLElement+FastAccess.h */,
				1891DD9E18D47B1000452DE9 /* NSXMLElement+FastAccess.m */,
				1891DDCF18D4F2AD00452DE9 /* VDAPI.h */,
				1891DDD018D4F2AD00452DE9 /* VDAPI.m */,
				1891DD9F18D47B1000452DE9 /* VDAppDelegate.h */,
				1891DDA018D47B1000452DE9 /* VDAppDelegate.m */,
				1891DDA318D47B1000452DE9 /* VDFilesystemDelegate.h */,
				1891DDA418D47B1000452DE9 /* VDFilesystemDelegate.m */,
				1891DDA518D47B1000452DE9 /* vDisk.pch */,
			);
			name = Sources;
			sourceTree = "<group>";
		};
		1891DDAE18D47B1C00452DE9 /* Resources */ = {
			isa = PBXGroup;
			children = (
				1891DDAF18D47B1C00452DE9 /* Credits.rtf */,
				1891DDB118D47B1C00452DE9 /* InfoPlist.strings */,
				1891DDB318D47B1C00452DE9 /* MainMenu.xib */,
				1891DDB518D47B1C00452DE9 /* vDisk.icns */,
				1891DDB618D47B1C00452DE9 /* vDisk.plist */,
			);
			path = Resources;
			sourceTree = "<group>";
		};
		1891DDBF18D480CD00452DE9 /* Products */ = {
			isa = PBXGroup;
			children = (
				1891DDC418D480CE00452DE9 /* OAuth2Client.framework */,
				1891DDC618D480CE00452DE9 /* libOAuth2Client.a */,
			);
			name = Products;
			sourceTree = "<group>";
		};
		1891DDD218D5177800452DE9 /* Nodes */ = {
			isa = PBXGroup;
			children = (
				1891DDD318D5179F00452DE9 /* VDNode.h */,
				1891DDD418D5179F00452DE9 /* VDNode.m */,
				1891DDD618D5180800452DE9 /* VDFile.h */,
				1891DDD718D5180800452DE9 /* VDFile.m */,
				1891DDDC18D51B4100452DE9 /* VDDirectory.h */,
				1891DDDD18D51B4100452DE9 /* VDDirectory.m */,
				1891DDDF18D51C2E00452DE9 /* VDRemoteFile.h */,
				1891DDE018D51C2E00452DE9 /* VDRemoteFile.m */,
				181ACD9E18D6108B00ADB329 /* VDAlbumDirectory.h */,
				181ACD9F18D6108B00ADB329 /* VDAlbumDirectory.m */,
				181ACD9A18D6087B00ADB329 /* VDImageDirectory.h */,
				181ACD9B18D6087B00ADB329 /* VDImageDirectory.m */,
				1891DDE218D51E0B00452DE9 /* VDMusicDirectory.h */,
				1891DDE318D51E0B00452DE9 /* VDMusicDirectory.m */,
				1891DDE518D51F1300452DE9 /* VDRootDirectory.h */,
				1891DDE618D51F1300452DE9 /* VDRootDirectory.m */,
			);
			name = Nodes;
			sourceTree = "<group>";
		};
/* End PBXGroup section */

/* Begin PBXNativeTarget section */
		1891DD5D18D479B600452DE9 /* vDisk */ = {
			isa = PBXNativeTarget;
			buildConfigurationList = 1891DD8F18D479B600452DE9 /* Build configuration list for PBXNativeTarget "vDisk" */;
			buildPhases = (
				1891DD5A18D479B600452DE9 /* Sources */,
				1891DD5B18D479B600452DE9 /* Frameworks */,
				1891DD5C18D479B600452DE9 /* Resources */,
			);
			buildRules = (
			);
			dependencies = (
				1891DDC918D4818A00452DE9 /* PBXTargetDependency */,
			);
			name = vDisk;
			productName = vDisk;
			productReference = 1891DD5E18D479B600452DE9 /* vDisk.app */;
			productType = "com.apple.product-type.application";
		};
/* End PBXNativeTarget section */

/* Begin PBXProject section */
		1891DD5618D479B600452DE9 /* Project object */ = {
			isa = PBXProject;
			attributes = {
				CLASSPREFIX = VD;
				LastUpgradeCheck = 0510;
				ORGANIZATIONNAME = "Marat Ibadinov";
			};
			buildConfigurationList = 1891DD5918D479B600452DE9 /* Build configuration list for PBXProject "vDisk" */;
			compatibilityVersion = "Xcode 3.2";
			developmentRegion = English;
			hasScannedForEncodings = 0;
			knownRegions = (
				en,
				Base,
			);
			mainGroup = 1891DD5518D479B600452DE9;
			productRefGroup = 1891DD5F18D479B600452DE9 /* Products */;
			projectDirPath = "";
			projectReferences = (
				{
					ProductGroup = 1891DDBF18D480CD00452DE9 /* Products */;
					ProjectRef = 1891DDBE18D480CD00452DE9 /* OAuth2Client.xcodeproj */;
				},
			);
			projectRoot = "";
			targets = (
				1891DD5D18D479B600452DE9 /* vDisk */,
			);
		};
/* End PBXProject section */

/* Begin PBXReferenceProxy section */
		1891DDC418D480CE00452DE9 /* OAuth2Client.framework */ = {
			isa = PBXReferenceProxy;
			fileType = wrapper.framework;
			path = OAuth2Client.framework;
			remoteRef = 1891DDC318D480CE00452DE9 /* PBXContainerItemProxy */;
			sourceTree = BUILT_PRODUCTS_DIR;
		};
		1891DDC618D480CE00452DE9 /* libOAuth2Client.a */ = {
			isa = PBXReferenceProxy;
			fileType = archive.ar;
			path = libOAuth2Client.a;
			remoteRef = 1891DDC518D480CE00452DE9 /* PBXContainerItemProxy */;
			sourceTree = BUILT_PRODUCTS_DIR;
		};
/* End PBXReferenceProxy section */

/* Begin PBXResourcesBuildPhase section */
		1891DD5C18D479B600452DE9 /* Resources */ = {
			isa = PBXResourcesBuildPhase;
			buildActionMask = 2147483647;
			files = (
				1891DDB918D47B1C00452DE9 /* MainMenu.xib in Resources */,
				1891DDBA18D47B1C00452DE9 /* vDisk.icns in Resources */,
				1891DDB818D47B1C00452DE9 /* InfoPlist.strings in Resources */,
				1891DDB718D47B1C00452DE9 /* Credits.rtf in Resources */,
			);
			runOnlyForDeploymentPostprocessing = 0;
		};
/* End PBXResourcesBuildPhase section */

/* Begin PBXSourcesBuildPhase section */
		1891DD5A18D479B600452DE9 /* Sources */ = {
			isa = PBXSourcesBuildPhase;
			buildActionMask = 2147483647;
			files = (
				1891DDE418D51E0B00452DE9 /* VDMusicDirectory.m in Sources */,
				181ACD9C18D6087B00ADB329 /* VDImageDirectory.m in Sources */,
				1891DDD818D5180800452DE9 /* VDFile.m in Sources */,
				1891DDDB18D518BC00452DE9 /* NSObject+Abstract.m in Sources */,
				1891DDDE18D51B4100452DE9 /* VDDirectory.m in Sources */,
				1891DDE118D51C2E00452DE9 /* VDRemoteFile.m in Sources */,
				1891DDAB18D47B1000452DE9 /* VDAppDelegate.m in Sources */,
				1891DDAA18D47B1000452DE9 /* NSXMLElement+FastAccess.m in Sources */,
				1891DDD118D4F2AD00452DE9 /* VDAPI.m in Sources */,
				1891DDA918D47B1000452DE9 /* NSString+ShellEscape.m in Sources */,
				1891DDAD18D47B1000452DE9 /* VDFilesystemDelegate.m in Sources */,
				1891DDA818D47B1000452DE9 /* NSError+POSIX.m in Sources */,
				1891DDA618D47B1000452DE9 /* main.m in Sources */,
				181ACDA018D6108B00ADB329 /* VDAlbumDirectory.m in Sources */,
				1891DDD518D5179F00452DE9 /* VDNode.m in Sources */,
				1891DDE718D51F1300452DE9 /* VDRootDirectory.m in Sources */,
			);
			runOnlyForDeploymentPostprocessing = 0;
		};
/* End PBXSourcesBuildPhase section */

/* Begin PBXTargetDependency section */
		1891DDC918D4818A00452DE9 /* PBXTargetDependency */ = {
			isa = PBXTargetDependency;
			name = OAuth2Client.framework;
			targetProxy = 1891DDC818D4818A00452DE9 /* PBXContainerItemProxy */;
		};
/* End PBXTargetDependency section */

/* Begin PBXVariantGroup section */
		1891DDAF18D47B1C00452DE9 /* Credits.rtf */ = {
			isa = PBXVariantGroup;
			children = (
				1891DDB018D47B1C00452DE9 /* en */,
			);
			name = Credits.rtf;
			sourceTree = "<group>";
		};
		1891DDB118D47B1C00452DE9 /* InfoPlist.strings */ = {
			isa = PBXVariantGroup;
			children = (
				1891DDB218D47B1C00452DE9 /* en */,
			);
			name = InfoPlist.strings;
			sourceTree = "<group>";
		};
		1891DDB318D47B1C00452DE9 /* MainMenu.xib */ = {
			isa = PBXVariantGroup;
			children = (
				1891DDB418D47B1C00452DE9 /* en */,
			);
			name = MainMenu.xib;
			sourceTree = "<group>";
		};
/* End PBXVariantGroup section */

/* Begin XCBuildConfiguration section */
		1891DD8D18D479B600452DE9 /* Debug */ = {
			isa = XCBuildConfiguration;
			buildSettings = {
				ALWAYS_SEARCH_USER_PATHS = NO;
				CLANG_CXX_LANGUAGE_STANDARD = "gnu++0x";
				CLANG_CXX_LIBRARY = "libc++";
				CLANG_ENABLE_MODULES = YES;
				CLANG_ENABLE_OBJC_ARC = YES;
				CLANG_WARN_BOOL_CONVERSION = YES;
				CLANG_WARN_CONSTANT_CONVERSION = YES;
				CLANG_WARN_DIRECT_OBJC_ISA_USAGE = YES_ERROR;
				CLANG_WARN_EMPTY_BODY = YES;
				CLANG_WARN_ENUM_CONVERSION = YES;
				CLANG_WARN_INT_CONVERSION = YES;
				CLANG_WARN_OBJC_ROOT_CLASS = YES_ERROR;
				CLANG_WARN__DUPLICATE_METHOD_MATCH = YES;
				COPY_PHASE_STRIP = NO;
				GCC_C_LANGUAGE_STANDARD = gnu99;
				GCC_DYNAMIC_NO_PIC = NO;
				GCC_ENABLE_OBJC_EXCEPTIONS = YES;
				GCC_OPTIMIZATION_LEVEL = 0;
				GCC_PREPROCESSOR_DEFINITIONS = (
					"DEBUG=1",
					"$(inherited)",
				);
				GCC_SYMBOLS_PRIVATE_EXTERN = NO;
				GCC_WARN_64_TO_32_BIT_CONVERSION = YES;
				GCC_WARN_ABOUT_RETURN_TYPE = YES_ERROR;
				GCC_WARN_UNDECLARED_SELECTOR = YES;
				GCC_WARN_UNINITIALIZED_AUTOS = YES_AGGRESSIVE;
				GCC_WARN_UNUSED_FUNCTION = YES;
				GCC_WARN_UNUSED_VARIABLE = YES;
				MACOSX_DEPLOYMENT_TARGET = 10.9;
				ONLY_ACTIVE_ARCH = YES;
				SDKROOT = macosx;
			};
			name = Debug;
		};
		1891DD8E18D479B600452DE9 /* Release */ = {
			isa = XCBuildConfiguration;
			buildSettings = {
				ALWAYS_SEARCH_USER_PATHS = NO;
				CLANG_CXX_LANGUAGE_STANDARD = "gnu++0x";
				CLANG_CXX_LIBRARY = "libc++";
				CLANG_ENABLE_MODULES = YES;
				CLANG_ENABLE_OBJC_ARC = YES;
				CLANG_WARN_BOOL_CONVERSION = YES;
				CLANG_WARN_CONSTANT_CONVERSION = YES;
				CLANG_WARN_DIRECT_OBJC_ISA_USAGE = YES_ERROR;
				CLANG_WARN_EMPTY_BODY = YES;
				CLANG_WARN_ENUM_CONVERSION = YES;
				CLANG_WARN_INT_CONVERSION = YES;
				CLANG_WARN_OBJC_ROOT_CLASS = YES_ERROR;
				CLANG_WARN__DUPLICATE_METHOD_MATCH = YES;
				COPY_PHASE_STRIP = YES;
				DEBUG_INFORMATION_FORMAT = "dwarf-with-dsym";
				ENABLE_NS_ASSERTIONS = NO;
				GCC_C_LANGUAGE_STANDARD = gnu99;
				GCC_ENABLE_OBJC_EXCEPTIONS = YES;
				GCC_WARN_64_TO_32_BIT_CONVERSION = YES;
				GCC_WARN_ABOUT_RETURN_TYPE = YES_ERROR;
				GCC_WARN_UNDECLARED_SELECTOR = YES;
				GCC_WARN_UNINITIALIZED_AUTOS = YES_AGGRESSIVE;
				GCC_WARN_UNUSED_FUNCTION = YES;
				GCC_WARN_UNUSED_VARIABLE = YES;
				MACOSX_DEPLOYMENT_TARGET = 10.9;
				SDKROOT = macosx;
			};
			name = Release;
		};
		1891DD9018D479B600452DE9 /* Debug */ = {
			isa = XCBuildConfiguration;
			buildSettings = {
				COMBINE_HIDPI_IMAGES = YES;
				FRAMEWORK_SEARCH_PATHS = (
					"$(inherited)",
					"$(LOCAL_LIBRARY_DIR)/Frameworks",
				);
				GCC_PRECOMPILE_PREFIX_HEADER = YES;
				GCC_PREFIX_HEADER = vDisk/Sources/vDisk.pch;
				INFOPLIST_FILE = vDisk/Resources/vDisk.plist;
				PRODUCT_NAME = "$(TARGET_NAME)";
				WRAPPER_EXTENSION = app;
			};
			name = Debug;
		};
		1891DD9118D479B600452DE9 /* Release */ = {
			isa = XCBuildConfiguration;
			buildSettings = {
				COMBINE_HIDPI_IMAGES = YES;
				FRAMEWORK_SEARCH_PATHS = (
					"$(inherited)",
					"$(LOCAL_LIBRARY_DIR)/Frameworks",
				);
				GCC_PRECOMPILE_PREFIX_HEADER = YES;
				GCC_PREFIX_HEADER = vDisk/Sources/vDisk.pch;
				INFOPLIST_FILE = vDisk/Resources/vDisk.plist;
				PRODUCT_NAME = "$(TARGET_NAME)";
				WRAPPER_EXTENSION = app;
			};
			name = Release;
		};
/* End XCBuildConfiguration section */

/* Begin XCConfigurationList section */
		1891DD5918D479B600452DE9 /* Build configuration list for PBXProject "vDisk" */ = {
			isa = XCConfigurationList;
			buildConfigurations = (
				1891DD8D18D479B600452DE9 /* Debug */,
				1891DD8E18D479B600452DE9 /* Release */,
			);
			defaultConfigurationIsVisible = 0;
			defaultConfigurationName = Release;
		};
		1891DD8F18D479B600452DE9 /* Build configuration list for PBXNativeTarget "vDisk" */ = {
			isa = XCConfigurationList;
			buildConfigurations = (
				1891DD9018D479B600452DE9 /* Debug */,
				1891DD9118D479B600452DE9 /* Release */,
			);
			defaultConfigurationIsVisible = 0;
			defaultConfigurationName = Release;
		};
/* End XCConfigurationList section */
	};
	rootObject = 1891DD5618D479B600452DE9 /* Project object */;
}
